
Microsoft Visual Studio Solution File, Format Version 12.00
Project("{FAE04EC0-301F-11D3-BF4B-00C04F79EFBC}") = "Games", "Games\Games.csproj", "{D6CB7C80-0136-4F62-BD78-D46A1DA11847}"
EndProject
Global
	GlobalSection(SolutionConfigurationPlatforms) = preSolution
		Debug|Any CPU = Debug|Any CPU
		Release|Any CPU = Release|Any CPU
	EndGlobalSection
	GlobalSection(ProjectConfigurationPlatforms) = postSolution
		{D6CB7C80-0136-4F62-BD78-D46A1DA11847}.Debug|Any CPU.ActiveCfg = Debug|Any CPU
		{D6CB7C80-0136-4F62-BD78-D46A1DA11847}.Debug|Any CPU.Build.0 = Debug|Any CPU
		{D6CB7C80-0136-4F62-BD78-D46A1DA11847}.Release|Any CPU.ActiveCfg = Release|Any CPU
		{D6CB7C80-0136-4F62-BD78-D46A1DA11847}.Release|Any CPU.Build.0 = Release|Any CPU
	EndGlobalSection
EndGlobal
